{
  "name": "tree-sitter-embedded-php",
  "version": "0.0.0",
  "lockfileVersion": 1,
  "requires": true,
  "dependencies": {
    "nan": {
      "version": "2.15.0",
      "resolved": "https://registry.npmjs.org/nan/-/nan-2.15.0.tgz",
      "integrity": "sha512-8ZtvEnA2c5aYCZYd1cvgdnU6cqwixRoYg70xPLWUws5ORTa/lnw+u4amixRS/Ac5U5mQVgp9pnlSUnbNWFaWZQ=="
    },
    "tree-sitter-cli": {
      "version": "0.17.3",
      "resolved": "https://registry.npmjs.org/tree-sitter-cli/-/tree-sitter-cli-0.17.3.tgz",
      "integrity": "sha512-AsQhjwRwWK5wtymwVc2H5E8/Q7yzMebSj7CQyeSg50k4h7m8HHwao1i/eKlh8aGTJ3IWbGjSwBAUZTSbzcSW6Q==",
      "dev": true
    }
  }
}
